# THIS IS AN AUTOGENERATED FILE. DO NOT EDIT THIS FILE DIRECTLY.
# yarn lockfile v1


edge-cs@1.2.1:
  version "1.2.1"
  resolved "https://registry.yarnpkg.com/edge-cs/-/edge-cs-1.2.1.tgz#bd1a9ecdb94ef0ed40c894582046749e57045e5a"
  integrity sha1-vRqezblO8O1AyJRYIEZ0nlcEXlo=

edge-js@^13.0.1:
  version "13.0.1"
  resolved "https://registry.yarnpkg.com/edge-js/-/edge-js-13.0.1.tgz#c474b18999d5543d8a1554d1968dcc0bbb2479ff"
  integrity sha512-+UUA4Pjwl6v6ifSPIm8PF+CICksximnToGF8w10RCWlEC6mHhKui4iZ1IpsWpq6jyvVDYnwb+OZzGpGeVJx8wQ==
  dependencies:
    edge-cs "1.2.1"
    nan "^2.14.0"

nan@^2.14.0:
  version "2.14.0"
  resolved "https://registry.yarnpkg.com/nan/-/nan-2.14.0.tgz#7818f722027b2459a86f0295d434d1fc2336c52c"
  integrity sha512-INOFj37C7k3AfaNTtX8RhsTw7qRy7eLET14cROi9+5HAVbbHuIWUHEauBv5qT4Av2tWasiTY1Jw6puUNqRJXQg==
